// !$*UTF8*$!
{
	archiveVersion = 1;
	classes = {
	};
	objectVersion = 46;
	objects = {

/* Begin PBXBuildFile section */
		5009AAB41C103B690044B9D0 /* AppDelegate.swift in Sources */ = {isa = PBXBuildFile; fileRef = 5009AAB31C103B690044B9D0 /* AppDelegate.swift */; };
		5009AAB61C103B690044B9D0 /* ViewController.swift in Sources */ = {isa = PBXBuildFile; fileRef = 5009AAB51C103B690044B9D0 /* ViewController.swift */; };
		5009AAB81C103B690044B9D0 /* Assets.xcassets in Resources */ = {isa = PBXBuildFile; fileRef = 5009AAB71C103B690044B9D0 /* Assets.xcassets */; };
		5009AABB1C103B690044B9D0 /* Main.storyboard in Resources */ = {isa = PBXBuildFile; fileRef = 5009AAB91C103B690044B9D0 /* Main.storyboard */; };
		503D36981C124BD90092A066 /* PlistParser.swift in Sources */ = {isa = PBXBuildFile; fileRef = 503D36971C124BD90092A066 /* PlistParser.swift */; };
		503D369A1C124CFF0092A066 /* ProvisioningProfile.swift in Sources */ = {isa = PBXBuildFile; fileRef = 503D36991C124CFF0092A066 /* ProvisioningProfile.swift */; };
		503D369C1C124D3A0092A066 /* Panels.swift in Sources */ = {isa = PBXBuildFile; fileRef = 503D369B1C124D3A0092A066 /* Panels.swift */; };
/* End PBXBuildFile section */

/* Begin PBXFileReference section */
		5009AAB01C103B690044B9D0 /* XCPorter.app */ = {isa = PBXFileReference; explicitFileType = wrapper.application; includeInIndex = 0; path = XCPorter.app; sourceTree = BUILT_PRODUCTS_DIR; };
		5009AAB31C103B690044B9D0 /* AppDelegate.swift */ = {isa = PBXFileReference; lastKnownFileType = sourcecode.swift; path = AppDelegate.swift; sourceTree = "<group>"; };
		5009AAB51C103B690044B9D0 /* ViewController.swift */ = {isa = PBXFileReference; lastKnownFileType = sourcecode.swift; path = ViewController.swift; sourceTree = "<group>"; };
		5009AAB71C103B690044B9D0 /* Assets.xcassets */ = {isa = PBXFileReference; lastKnownFileType = folder.assetcatalog; path = Assets.xcassets; sourceTree = "<group>"; };
		5009AABA1C103B690044B9D0 /* Base */ = {isa = PBXFileReference; lastKnownFileType = file.storyboard; name = Base; path = Base.lproj/Main.storyboard; sourceTree = "<group>"; };
		5009AABC1C103B690044B9D0 /* Info.plist */ = {isa = PBXFileReference; lastKnownFileType = text.plist.xml; path = Info.plist; sourceTree = "<group>"; };
		503D36971C124BD90092A066 /* PlistParser.swift */ = {isa = PBXFileReference; fileEncoding = 4; lastKnownFileType = sourcecode.swift; path = PlistParser.swift; sourceTree = "<group>"; };
		503D36991C124CFF0092A066 /* ProvisioningProfile.swift */ = {isa = PBXFileReference; fileEncoding = 4; lastKnownFileType = sourcecode.swift; path = ProvisioningProfile.swift; sourceTree = "<group>"; };
		503D369B1C124D3A0092A066 /* Panels.swift */ = {isa = PBXFileReference; fileEncoding = 4; lastKnownFileType = sourcecode.swift; path = Panels.swift; sourceTree = "<group>"; };
/* End PBXFileReference section */

/* Begin PBXFrameworksBuildPhase section */
		5009AAAD1C103B690044B9D0 /* Frameworks */ = {
			isa = PBXFrameworksBuildPhase;
			buildActionMask = 2147483647;
			files = (
			);
			runOnlyForDeploymentPostprocessing = 0;
		};
/* End PBXFrameworksBuildPhase section */

/* Begin PBXGroup section */
		5009AAA71C103B680044B9D0 = {
			isa = PBXGroup;
			children = (
				5009AAB21C103B690044B9D0 /* XCPorter */,
				5009AAB11C103B690044B9D0 /* Products */,
			);
			sourceTree = "<group>";
		};
		5009AAB11C103B690044B9D0 /* Products */ = {
			isa = PBXGroup;
			children = (
				5009AAB01C103B690044B9D0 /* XCPorter.app */,
			);
			name = Products;
			sourceTree = "<group>";
		};
		5009AAB21C103B690044B9D0 /* XCPorter */ = {
			isa = PBXGroup;
			children = (
				5009AAB31C103B690044B9D0 /* AppDelegate.swift */,
				5009AAB51C103B690044B9D0 /* ViewController.swift */,
				503D36971C124BD90092A066 /* PlistParser.swift */,
				503D36991C124CFF0092A066 /* ProvisioningProfile.swift */,
				503D369B1C124D3A0092A066 /* Panels.swift */,
				5009AAB71C103B690044B9D0 /* Assets.xcassets */,
				5009AAB91C103B690044B9D0 /* Main.storyboard */,
				5009AABC1C103B690044B9D0 /* Info.plist */,
			);
			path = XCPorter;
			sourceTree = "<group>";
		};
/* End PBXGroup section */

/* Begin PBXNativeTarget section */
		5009AAAF1C103B690044B9D0 /* XCPorter */ = {
			isa = PBXNativeTarget;
			buildConfigurationList = 5009AABF1C103B690044B9D0 /* Build configuration list for PBXNativeTarget "XCPorter" */;
			buildPhases = (
				5009AAAC1C103B690044B9D0 /* Sources */,
				5009AAAD1C103B690044B9D0 /* Frameworks */,
				5009AAAE1C103B690044B9D0 /* Resources */,
			);
			buildRules = (
			);
			dependencies = (
			);
			name = XCPorter;
			productName = XCPorter;
			productReference = 5009AAB01C103B690044B9D0 /* XCPorter.app */;
			productType = "com.apple.product-type.application";
		};
/* End PBXNativeTarget section */

/* Begin PBXProject section */
		5009AAA81C103B680044B9D0 /* Project object */ = {
			isa = PBXProject;
			attributes = {
				LastSwiftUpdateCheck = 0710;
				LastUpgradeCheck = 0710;
				ORGANIZATIONNAME = "Chuquimian Productions";
				TargetAttributes = {
					5009AAAF1C103B690044B9D0 = {
						CreatedOnToolsVersion = 7.1.1;
					};
				};
			};
			buildConfigurationList = 5009AAAB1C103B680044B9D0 /* Build configuration list for PBXProject "XCPorter" */;
			compatibilityVersion = "Xcode 3.2";
			developmentRegion = English;
			hasScannedForEncodings = 0;
			knownRegions = (
				en,
				Base,
			);
			mainGroup = 5009AAA71C103B680044B9D0;
			productRefGroup = 5009AAB11C103B690044B9D0 /* Products */;
			projectDirPath = "";
			projectRoot = "";
			targets = (
				5009AAAF1C103B690044B9D0 /* XCPorter */,
			);
		};
/* End PBXProject section */

/* Begin PBXResourcesBuildPhase section */
		5009AAAE1C103B690044B9D0 /* Resources */ = {
			isa = PBXResourcesBuildPhase;
			buildActionMask = 2147483647;
			files = (
				5009AAB81C103B690044B9D0 /* Assets.xcassets in Resources */,
				5009AABB1C103B690044B9D0 /* Main.storyboard in Resources */,
			);
			runOnlyForDeploymentPostprocessing = 0;
		};
/* End PBXResourcesBuildPhase section */

/* Begin PBXSourcesBuildPhase section */
		5009AAAC1C103B690044B9D0 /* Sources */ = {
			isa = PBXSourcesBuildPhase;
			buildActionMask = 2147483647;
			files = (
				503D369C1C124D3A0092A066 /* Panels.swift in Sources */,
				503D369A1C124CFF0092A066 /* ProvisioningProfile.swift in Sources */,
				5009AAB61C103B690044B9D0 /* ViewController.swift in Sources */,
				5009AAB41C103B690044B9D0 /* AppDelegate.swift in Sources */,
				503D36981C124BD90092A066 /* PlistParser.swift in Sources */,
			);
			runOnlyForDeploymentPostprocessing = 0;
		};
/* End PBXSourcesBuildPhase section */

/* Begin PBXVariantGroup section */
		5009AAB91C103B690044B9D0 /* Main.storyboard */ = {
			isa = PBXVariantGroup;
			children = (
				5009AABA1C103B690044B9D0 /* Base */,
			);
			name = Main.storyboard;
			sourceTree = "<group>";
		};
/* End PBXVariantGroup section */

/* Begin XCBuildConfiguration section */
		5009AABD1C103B690044B9D0 /* Debug */ = {
			isa = XCBuildConfiguration;
			buildSettings = {
				ALWAYS_SEARCH_USER_PATHS = NO;
				CLANG_CXX_LANGUAGE_STANDARD = "gnu++0x";
				CLANG_CXX_LIBRARY = "libc++";
				CLANG_ENABLE_MODULES = YES;
				CLANG_ENABLE_OBJC_ARC = YES;
				CLANG_WARN_BOOL_CONVERSION = YES;
				CLANG_WARN_CONSTANT_CONVERSION = YES;
				CLANG_WARN_DIRECT_OBJC_ISA_USAGE = YES_ERROR;
				CLANG_WARN_EMPTY_BODY = YES;
				CLANG_WARN_ENUM_CONVERSION = YES;
				CLANG_WARN_INT_CONVERSION = YES;
				CLANG_WARN_OBJC_ROOT_CLASS = YES_ERROR;
				CLANG_WARN_UNREACHABLE_CODE = YES;
				CLANG_WARN__DUPLICATE_METHOD_MATCH = YES;
				CODE_SIGN_IDENTITY = "-";
				COPY_PHASE_STRIP = NO;
				DEBUG_INFORMATION_FORMAT = dwarf;
				ENABLE_STRICT_OBJC_MSGSEND = YES;
				ENABLE_TESTABILITY = YES;
				GCC_C_LANGUAGE_STANDARD = gnu99;
				GCC_DYNAMIC_NO_PIC = NO;
				GCC_NO_COMMON_BLOCKS = YES;
				GCC_OPTIMIZATION_LEVEL = 0;
				GCC_PREPROCESSOR_DEFINITIONS = (
					"DEBUG=1",
					"$(inherited)",
				);
				GCC_WARN_64_TO_32_BIT_CONVERSION = YES;
				GCC_WARN_ABOUT_RETURN_TYPE = YES_ERROR;
				GCC_WARN_UNDECLARED_SELECTOR = YES;
				GCC_WARN_UNINITIALIZED_AUTOS = YES_AGGRESSIVE;
				GCC_WARN_UNUSED_FUNCTION = YES;
				GCC_WARN_UNUSED_VARIABLE = YES;
				MACOSX_DEPLOYMENT_TARGET = 10.11;
				MTL_ENABLE_DEBUG_INFO = YES;
				ONLY_ACTIVE_ARCH = YES;
				SDKROOT = macosx;
				SWIFT_OPTIMIZATION_LEVEL = "-Onone";
			};
			name = Debug;
		};
		5009AABE1C103B690044B9D0 /* Release */ = {
			isa = XCBuildConfiguration;
			buildSettings = {
				ALWAYS_SEARCH_USER_PATHS = NO;
				CLANG_CXX_LANGUAGE_STANDARD = "gnu++0x";
				CLANG_CXX_LIBRARY = "libc++";
				CLANG_ENABLE_MODULES = YES;
				CLANG_ENABLE_OBJC_ARC = YES;
				CLANG_WARN_BOOL_CONVERSION = YES;
				CLANG_WARN_CONSTANT_CONVERSION = YES;
				CLANG_WARN_DIRECT_OBJC_ISA_USAGE = YES_ERROR;
				CLANG_WARN_EMPTY_BODY = YES;
				CLANG_WARN_ENUM_CONVERSION = YES;
				CLANG_WARN_INT_CONVERSION = YES;
				CLANG_WARN_OBJC_ROOT_CLASS = YES_ERROR;
				CLANG_WARN_UNREACHABLE_CODE = YES;
				CLANG_WARN__DUPLICATE_METHOD_MATCH = YES;
				CODE_SIGN_IDENTITY = "-";
				COPY_PHASE_STRIP = NO;
				DEBUG_INFORMATION_FORMAT = "dwarf-with-dsym";
				ENABLE_NS_ASSERTIONS = NO;
				ENABLE_STRICT_OBJC_MSGSEND = YES;
				GCC_C_LANGUAGE_STANDARD = gnu99;
				GCC_NO_COMMON_BLOCKS = YES;
				GCC_WARN_64_TO_32_BIT_CONVERSION = YES;
				GCC_WARN_ABOUT_RETURN_TYPE = YES_ERROR;
				GCC_WARN_UNDECLARED_SELECTOR = YES;
				GCC_WARN_UNINITIALIZED_AUTOS = YES_AGGRESSIVE;
				GCC_WARN_UNUSED_FUNCTION = YES;
				GCC_WARN_UNUSED_VARIABLE = YES;
				MACOSX_DEPLOYMENT_TARGET = 10.11;
				MTL_ENABLE_DEBUG_INFO = NO;
				SDKROOT = macosx;
			};
			name = Release;
		};
		5009AAC01C103B690044B9D0 /* Debug */ = {
			isa = XCBuildConfiguration;
			buildSettings = {
				ASSETCATALOG_COMPILER_APPICON_NAME = AppIcon;
				COMBINE_HIDPI_IMAGES = YES;
				INFOPLIST_FILE = XCPorter/Info.plist;
				LD_RUNPATH_SEARCH_PATHS = "$(inherited) @executable_path/../Frameworks";
				PRODUCT_BUNDLE_IDENTIFIER = com.chuquimianproductions.XCPorter;
				PRODUCT_NAME = "$(TARGET_NAME)";
			};
			name = Debug;
		};
		5009AAC11C103B690044B9D0 /* Release */ = {
			isa = XCBuildConfiguration;
			buildSettings = {
				ASSETCATALOG_COMPILER_APPICON_NAME = AppIcon;
				COMBINE_HIDPI_IMAGES = YES;
				INFOPLIST_FILE = XCPorter/Info.plist;
				LD_RUNPATH_SEARCH_PATHS = "$(inherited) @executable_path/../Frameworks";
				PRODUCT_BUNDLE_IDENTIFIER = com.chuquimianproductions.XCPorter;
				PRODUCT_NAME = "$(TARGET_NAME)";
			};
			name = Release;
		};
/* End XCBuildConfiguration section */

/* Begin XCConfigurationList section */
		5009AAAB1C103B680044B9D0 /* Build configuration list for PBXProject "XCPorter" */ = {
			isa = XCConfigurationList;
			buildConfigurations = (
				5009AABD1C103B690044B9D0 /* Debug */,
				5009AABE1C103B690044B9D0 /* Release */,
			);
			defaultConfigurationIsVisible = 0;
			defaultConfigurationName = Release;
		};
		5009AABF1C103B690044B9D0 /* Build configuration list for PBXNativeTarget "XCPorter" */ = {
			isa = XCConfigurationList;
			buildConfigurations = (
				5009AAC01C103B690044B9D0 /* Debug */,
				5009AAC11C103B690044B9D0 /* Release */,
			);
			defaultConfigurationIsVisible = 0;
			defaultConfigurationName = Release;
		};
/* End XCConfigurationList section */
	};
	rootObject = 5009AAA81C103B680044B9D0 /* Project object */;
}
